
Microsoft Visual Studio Solution File, Format Version 12.00
Project("{FAE04EC0-301F-11D3-BF4B-00C04F79EFBC}") = "PokemonAPI", "PokemonAPI\PokemonAPI.csproj", "{9AD2FA32-D27A-4B1A-9C2F-92B574BF510F}"
EndProject
Project("{FAE04EC0-301F-11D3-BF4B-00C04F79EFBC}") = "PokemonAPI.IntegrationTests", "PokemonAPI.IntegrationTests\PokemonAPI.IntegrationTests.csproj", "{FA29A9C9-3343-43F5-A004-FAC6B30565AE}"
EndProject
Global
	GlobalSection(SolutionConfigurationPlatforms) = preSolution
		Debug|Any CPU = Debug|Any CPU
		Release|Any CPU = Release|Any CPU
	EndGlobalSection
	GlobalSection(ProjectConfigurationPlatforms) = postSolution
		{9AD2FA32-D27A-4B1A-9C2F-92B574BF510F}.Debug|Any CPU.ActiveCfg = Debug|Any CPU
		{9AD2FA32-D27A-4B1A-9C2F-92B574BF510F}.Debug|Any CPU.Build.0 = Debug|Any CPU
		{9AD2FA32-D27A-4B1A-9C2F-92B574BF510F}.Release|Any CPU.ActiveCfg = Release|Any CPU
		{9AD2FA32-D27A-4B1A-9C2F-92B574BF510F}.Release|Any CPU.Build.0 = Release|Any CPU
		{FA29A9C9-3343-43F5-A004-FAC6B30565AE}.Debug|Any CPU.ActiveCfg = Debug|Any CPU
		{FA29A9C9-3343-43F5-A004-FAC6B30565AE}.Debug|Any CPU.Build.0 = Debug|Any CPU
		{FA29A9C9-3343-43F5-A004-FAC6B30565AE}.Release|Any CPU.ActiveCfg = Release|Any CPU
		{FA29A9C9-3343-43F5-A004-FAC6B30565AE}.Release|Any CPU.Build.0 = Release|Any CPU
	EndGlobalSection
EndGlobal
